
Microsoft Visual Studio Solution File, Format Version 12.00
# Visual Studio Version 17
VisualStudioVersion = 17.10.35013.160
MinimumVisualStudioVersion = 10.0.40219.1
Project("{FAE04EC0-301F-11D3-BF4B-00C04F79EFBC}") = "MauiCamera2", "MauiCamera2.csproj", "{498F7039-75F5-4B33-80B9-3ED4AFDF7BB7}"
EndProject
Global
	GlobalSection(SolutionConfigurationPlatforms) = preSolution
		Debug|Any CPU = Debug|Any CPU
		Release|Any CPU = Release|Any CPU
	EndGlobalSection
	GlobalSection(ProjectConfigurationPlatforms) = postSolution
		{498F7039-75F5-4B33-80B9-3ED4AFDF7BB7}.Debug|Any CPU.ActiveCfg = Debug|Any CPU
		{498F7039-75F5-4B33-80B9-3ED4AFDF7BB7}.Debug|Any CPU.Build.0 = Debug|Any CPU
		{498F7039-75F5-4B33-80B9-3ED4AFDF7BB7}.Debug|Any CPU.Deploy.0 = Debug|Any CPU
		{498F7039-75F5-4B33-80B9-3ED4AFDF7BB7}.Release|Any CPU.ActiveCfg = Release|Any CPU
		{498F7039-75F5-4B33-80B9-3ED4AFDF7BB7}.Release|Any CPU.Build.0 = Release|Any CPU
		{498F7039-75F5-4B33-80B9-3ED4AFDF7BB7}.Release|Any CPU.Deploy.0 = Release|Any CPU
	EndGlobalSection
	GlobalSection(SolutionProperties) = preSolution
		HideSolutionNode = FALSE
	EndGlobalSection
	GlobalSection(ExtensibilityGlobals) = postSolution
		SolutionGuid = {B6C4E557-9727-46DC-AF43-E2916CD492F0}
	EndGlobalSection
EndGlobal
